
Microsoft Visual Studio Solution File, Format Version 12.00
# Visual Studio 15
VisualStudioVersion = 15.0.26124.0
MinimumVisualStudioVersion = 15.0.26124.0
Project("{2150E333-8FDC-42A3-9474-1A3956D46DE8}") = "src", "src", "{ECB2C5B1-F0C4-4B2C-A2A7-A7B64E72870A}"
EndProject
Project("{2150E333-8FDC-42A3-9474-1A3956D46DE8}") = "services", "services", "{FB53175C-219D-4FD5-B6B9-3B9F1F865824}"
EndProject
Project("{2150E333-8FDC-42A3-9474-1A3956D46DE8}") = "Patrimonios", "Patrimonios", "{8C0DD6A2-8368-4D7F-9630-DA5241838495}"
EndProject
Project("{FAE04EC0-301F-11D3-BF4B-00C04F79EFBC}") = "Patrimonios.Api", "src\services\Patrimonios\Patrimonios.Api\Patrimonios.Api.csproj", "{6C49C103-41C8-4D64-BC6A-60DA0F23653E}"
EndProject
Project("{FAE04EC0-301F-11D3-BF4B-00C04F79EFBC}") = "Patrimonios.Domain", "src\services\Patrimonios\Patrimonios.Domain\Patrimonios.Domain.csproj", "{95101F6C-AA7D-40FD-8408-509983732FF5}"
EndProject
Project("{FAE04EC0-301F-11D3-BF4B-00C04F79EFBC}") = "Patrimonios.Infra", "src\services\Patrimonios\Patrimonios.Infra\Patrimonios.Infra.csproj", "{9ACCEBDD-7BCA-4CDB-B73B-5CB18ECC2EDC}"
EndProject
Project("{FAE04EC0-301F-11D3-BF4B-00C04F79EFBC}") = "Patrimonios.Tests", "src\services\Patrimonios\Patrimonios.Tests\Patrimonios.Tests.csproj", "{864DD093-EFE0-4312-8A30-A86A04754208}"
EndProject
Global
	GlobalSection(SolutionConfigurationPlatforms) = preSolution
		Debug|Any CPU = Debug|Any CPU
		Debug|x64 = Debug|x64
		Debug|x86 = Debug|x86
		Release|Any CPU = Release|Any CPU
		Release|x64 = Release|x64
		Release|x86 = Release|x86
	EndGlobalSection
	GlobalSection(ProjectConfigurationPlatforms) = postSolution
		{6C49C103-41C8-4D64-BC6A-60DA0F23653E}.Debug|Any CPU.ActiveCfg = Debug|Any CPU
		{6C49C103-41C8-4D64-BC6A-60DA0F23653E}.Debug|Any CPU.Build.0 = Debug|Any CPU
		{6C49C103-41C8-4D64-BC6A-60DA0F23653E}.Debug|x64.ActiveCfg = Debug|Any CPU
		{6C49C103-41C8-4D64-BC6A-60DA0F23653E}.Debug|x64.Build.0 = Debug|Any CPU
		{6C49C103-41C8-4D64-BC6A-60DA0F23653E}.Debug|x86.ActiveCfg = Debug|Any CPU
		{6C49C103-41C8-4D64-BC6A-60DA0F23653E}.Debug|x86.Build.0 = Debug|Any CPU
		{6C49C103-41C8-4D64-BC6A-60DA0F23653E}.Release|Any CPU.ActiveCfg = Release|Any CPU
		{6C49C103-41C8-4D64-BC6A-60DA0F23653E}.Release|Any CPU.Build.0 = Release|Any CPU
		{6C49C103-41C8-4D64-BC6A-60DA0F23653E}.Release|x64.ActiveCfg = Release|Any CPU
		{6C49C103-41C8-4D64-BC6A-60DA0F23653E}.Release|x64.Build.0 = Release|Any CPU
		{6C49C103-41C8-4D64-BC6A-60DA0F23653E}.Release|x86.ActiveCfg = Release|Any CPU
		{6C49C103-41C8-4D64-BC6A-60DA0F23653E}.Release|x86.Build.0 = Release|Any CPU
		{95101F6C-AA7D-40FD-8408-509983732FF5}.Debug|Any CPU.ActiveCfg = Debug|Any CPU
		{95101F6C-AA7D-40FD-8408-509983732FF5}.Debug|Any CPU.Build.0 = Debug|Any CPU
		{95101F6C-AA7D-40FD-8408-509983732FF5}.Debug|x64.ActiveCfg = Debug|Any CPU
		{95101F6C-AA7D-40FD-8408-509983732FF5}.Debug|x64.Build.0 = Debug|Any CPU
		{95101F6C-AA7D-40FD-8408-509983732FF5}.Debug|x86.ActiveCfg = Debug|Any CPU
		{95101F6C-AA7D-40FD-8408-509983732FF5}.Debug|x86.Build.0 = Debug|Any CPU
		{95101F6C-AA7D-40FD-8408-509983732FF5}.Release|Any CPU.ActiveCfg = Release|Any CPU
		{95101F6C-AA7D-40FD-8408-509983732FF5}.Release|Any CPU.Build.0 = Release|Any CPU
		{95101F6C-AA7D-40FD-8408-509983732FF5}.Release|x64.ActiveCfg = Release|Any CPU
		{95101F6C-AA7D-40FD-8408-509983732FF5}.Release|x64.Build.0 = Release|Any CPU
		{95101F6C-AA7D-40FD-8408-509983732FF5}.Release|x86.ActiveCfg = Release|Any CPU
		{95101F6C-AA7D-40FD-8408-509983732FF5}.Release|x86.Build.0 = Release|Any CPU
		{9ACCEBDD-7BCA-4CDB-B73B-5CB18ECC2EDC}.Debug|Any CPU.ActiveCfg = Debug|Any CPU
		{9ACCEBDD-7BCA-4CDB-B73B-5CB18ECC2EDC}.Debug|Any CPU.Build.0 = Debug|Any CPU
		{9ACCEBDD-7BCA-4CDB-B73B-5CB18ECC2EDC}.Debug|x64.ActiveCfg = Debug|Any CPU
		{9ACCEBDD-7BCA-4CDB-B73B-5CB18ECC2EDC}.Debug|x64.Build.0 = Debug|Any CPU
		{9ACCEBDD-7BCA-4CDB-B73B-5CB18ECC2EDC}.Debug|x86.ActiveCfg = Debug|Any CPU
		{9ACCEBDD-7BCA-4CDB-B73B-5CB18ECC2EDC}.Debug|x86.Build.0 = Debug|Any CPU
		{9ACCEBDD-7BCA-4CDB-B73B-5CB18ECC2EDC}.Release|Any CPU.ActiveCfg = Release|Any CPU
		{9ACCEBDD-7BCA-4CDB-B73B-5CB18ECC2EDC}.Release|Any CPU.Build.0 = Release|Any CPU
		{9ACCEBDD-7BCA-4CDB-B73B-5CB18ECC2EDC}.Release|x64.ActiveCfg = Release|Any CPU
		{9ACCEBDD-7BCA-4CDB-B73B-5CB18ECC2EDC}.Release|x64.Build.0 = Release|Any CPU
		{9ACCEBDD-7BCA-4CDB-B73B-5CB18ECC2EDC}.Release|x86.ActiveCfg = Release|Any CPU
		{9ACCEBDD-7BCA-4CDB-B73B-5CB18ECC2EDC}.Release|x86.Build.0 = Release|Any CPU
		{864DD093-EFE0-4312-8A30-A86A04754208}.Debug|Any CPU.ActiveCfg = Debug|Any CPU
		{864DD093-EFE0-4312-8A30-A86A04754208}.Debug|Any CPU.Build.0 = Debug|Any CPU
		{864DD093-EFE0-4312-8A30-A86A04754208}.Debug|x64.ActiveCfg = Debug|Any CPU
		{864DD093-EFE0-4312-8A30-A86A04754208}.Debug|x64.Build.0 = Debug|Any CPU
		{864DD093-EFE0-4312-8A30-A86A04754208}.Debug|x86.ActiveCfg = Debug|Any CPU
		{864DD093-EFE0-4312-8A30-A86A04754208}.Debug|x86.Build.0 = Debug|Any CPU
		{864DD093-EFE0-4312-8A30-A86A04754208}.Release|Any CPU.ActiveCfg = Release|Any CPU
		{864DD093-EFE0-4312-8A30-A86A04754208}.Release|Any CPU.Build.0 = Release|Any CPU
		{864DD093-EFE0-4312-8A30-A86A04754208}.Release|x64.ActiveCfg = Release|Any CPU
		{864DD093-EFE0-4312-8A30-A86A04754208}.Release|x64.Build.0 = Release|Any CPU
		{864DD093-EFE0-4312-8A30-A86A04754208}.Release|x86.ActiveCfg = Release|Any CPU
		{864DD093-EFE0-4312-8A30-A86A04754208}.Release|x86.Build.0 = Release|Any CPU
	EndGlobalSection
	GlobalSection(NestedProjects) = preSolution
		{FB53175C-219D-4FD5-B6B9-3B9F1F865824} = {ECB2C5B1-F0C4-4B2C-A2A7-A7B64E72870A}
		{8C0DD6A2-8368-4D7F-9630-DA5241838495} = {FB53175C-219D-4FD5-B6B9-3B9F1F865824}
		{6C49C103-41C8-4D64-BC6A-60DA0F23653E} = {8C0DD6A2-8368-4D7F-9630-DA5241838495}
		{95101F6C-AA7D-40FD-8408-509983732FF5} = {8C0DD6A2-8368-4D7F-9630-DA5241838495}
		{9ACCEBDD-7BCA-4CDB-B73B-5CB18ECC2EDC} = {8C0DD6A2-8368-4D7F-9630-DA5241838495}
		{864DD093-EFE0-4312-8A30-A86A04754208} = {8C0DD6A2-8368-4D7F-9630-DA5241838495}
	EndGlobalSection
EndGlobal
